<?xml version="1.0" encoding="utf-8"?>
<Project ToolsVersion="16.0" xmlns="http://schemas.microsoft.com/developer/msbuild/2003">
  <ItemGroup>
    <ClCompile Include="C:\Users\alpha\source\repos\Test_Visual_Studio\Assignment1\Common\CAssignmentBase.cpp">
      <Filter>Source Files</Filter>
    </ClCompile>
    <ClCompile Include="C:\Users\alpha\source\repos\Test_Visual_Studio\Assignment1\Common\CLUtil.cpp">
      <Filter>Source Files</Filter>
    </ClCompile>
    <ClCompile Include="C:\Users\alpha\source\repos\Test_Visual_Studio\Assignment1\Common\CTimer.cpp">
      <Filter>Source Files</Filter>
    </ClCompile>
  </ItemGroup>
  <ItemGroup>
    <ClInclude Include="C:\Users\alpha\source\repos\Test_Visual_Studio\Assignment1\Common\CAssignmentBase.h">
      <Filter>Header Files</Filter>
    </ClInclude>
    <ClInclude Include="C:\Users\alpha\source\repos\Test_Visual_Studio\Assignment1\Common\CLUtil.h">
      <Filter>Header Files</Filter>
    </ClInclude>
    <ClInclude Include="C:\Users\alpha\source\repos\Test_Visual_Studio\Assignment1\Common\CTimer.h">
      <Filter>Header Files</Filter>
    </ClInclude>
    <ClInclude Include="C:\Users\alpha\source\repos\Test_Visual_Studio\Assignment1\Common\CommonDefs.h">
      <Filter>Header Files</Filter>
    </ClInclude>
    <ClInclude Include="C:\Users\alpha\source\repos\Test_Visual_Studio\Assignment1\Common\IComputeTask.h">
      <Filter>Header Files</Filter>
    </ClInclude>
    <ClInclude Include="C:\Users\alpha\source\repos\Test_Visual_Studio\Assignment1\Common\IGUIEnabledComputeTask.h">
      <Filter>Header Files</Filter>
    </ClInclude>
  </ItemGroup>
  <ItemGroup>
    <CustomBuild Include="C:\Users\alpha\source\repos\Test_Visual_Studio\Assignment1\Common\CMakeLists.txt" />
  </ItemGroup>
  <ItemGroup>
    <Filter Include="Header Files">
      <UniqueIdentifier>{373D8442-E49B-3C34-9E75-475746BF4FCA}</UniqueIdentifier>
    </Filter>
    <Filter Include="Source Files">
      <UniqueIdentifier>{536D4EE7-7DDB-3133-BF42-59C3D8C26CD6}</UniqueIdentifier>
    </Filter>
  </ItemGroup>
</Project>
